
Microsoft Visual Studio Solution File, Format Version 12.00
# Visual Studio Version 16
VisualStudioVersion = 16.0.31624.102
MinimumVisualStudioVersion = 10.0.40219.1
Project("{FAE04EC0-301F-11D3-BF4B-00C04F79EFBC}") = "RZ5NJF_HFT_2022231.Client", "RZ5NJF_HFT_2022231.Client\RZ5NJF_HFT_2022231.Client.csproj", "{01E7CB2A-47E4-4BDC-A57E-6AC394D3575B}"
EndProject
Project("{FAE04EC0-301F-11D3-BF4B-00C04F79EFBC}") = "RZ5NJF_HFT_2022231.Models", "RZ5NJF_HFT_2022231.Models\RZ5NJF_HFT_2022231.Models.csproj", "{FA9E438A-AB25-41A5-ABAB-3F7790CCDAD4}"
EndProject
Project("{FAE04EC0-301F-11D3-BF4B-00C04F79EFBC}") = "RZ5NJF_HFT_2022231.Logic", "RZ5NJF_HFT_2022231.Logic\RZ5NJF_HFT_2022231.Logic.csproj", "{48A27601-5748-4651-9F1F-CB2948F03DBD}"
EndProject
Project("{FAE04EC0-301F-11D3-BF4B-00C04F79EFBC}") = "RZ5NJF_HFT_2022231.Repository", "RZ5NJF_HFT_2022231.Repository\RZ5NJF_HFT_2022231.Repository.csproj", "{72CE80E5-A22F-428B-A313-5508DEFFF0AC}"
EndProject
Project("{FAE04EC0-301F-11D3-BF4B-00C04F79EFBC}") = "RZ5NJF_HFT_2022231.Test", "RZ5NJF_HFT_2022231.Test\RZ5NJF_HFT_2022231.Test.csproj", "{ED17D27C-D48D-4B79-ADE7-913CC6E60D2C}"
EndProject
Project("{FAE04EC0-301F-11D3-BF4B-00C04F79EFBC}") = "RZ5NJF_HFT_2022231.Endpoint", "RZ5NJF_HFT_2022231.Endpoint\RZ5NJF_HFT_2022231.Endpoint.csproj", "{C3C490D0-FD20-436A-89F3-4F17281FB0AB}"
EndProject
Project("{2150E333-8FDC-42A3-9474-1A3956D46DE8}") = "Backend", "Backend", "{5DD7FBC1-DCE7-4B2F-A89F-CCC64A9AE6A0}"
EndProject
Project("{2150E333-8FDC-42A3-9474-1A3956D46DE8}") = "Frontend", "Frontend", "{D808B83D-B66D-4FF5-8FD8-C0AE14F2ADD1}"
EndProject
Project("{2150E333-8FDC-42A3-9474-1A3956D46DE8}") = "Shared", "Shared", "{41F3FB49-A48C-4A69-A9FC-1831208F4F0A}"
EndProject
Global
	GlobalSection(SolutionConfigurationPlatforms) = preSolution
		Debug|Any CPU = Debug|Any CPU
		Release|Any CPU = Release|Any CPU
	EndGlobalSection
	GlobalSection(ProjectConfigurationPlatforms) = postSolution
		{01E7CB2A-47E4-4BDC-A57E-6AC394D3575B}.Debug|Any CPU.ActiveCfg = Debug|Any CPU
		{01E7CB2A-47E4-4BDC-A57E-6AC394D3575B}.Debug|Any CPU.Build.0 = Debug|Any CPU
		{01E7CB2A-47E4-4BDC-A57E-6AC394D3575B}.Release|Any CPU.ActiveCfg = Release|Any CPU
		{01E7CB2A-47E4-4BDC-A57E-6AC394D3575B}.Release|Any CPU.Build.0 = Release|Any CPU
		{FA9E438A-AB25-41A5-ABAB-3F7790CCDAD4}.Debug|Any CPU.ActiveCfg = Debug|Any CPU
		{FA9E438A-AB25-41A5-ABAB-3F7790CCDAD4}.Debug|Any CPU.Build.0 = Debug|Any CPU
		{FA9E438A-AB25-41A5-ABAB-3F7790CCDAD4}.Release|Any CPU.ActiveCfg = Release|Any CPU
		{FA9E438A-AB25-41A5-ABAB-3F7790CCDAD4}.Release|Any CPU.Build.0 = Release|Any CPU
		{48A27601-5748-4651-9F1F-CB2948F03DBD}.Debug|Any CPU.ActiveCfg = Debug|Any CPU
		{48A27601-5748-4651-9F1F-CB2948F03DBD}.Debug|Any CPU.Build.0 = Debug|Any CPU
		{48A27601-5748-4651-9F1F-CB2948F03DBD}.Release|Any CPU.ActiveCfg = Release|Any CPU
		{48A27601-5748-4651-9F1F-CB2948F03DBD}.Release|Any CPU.Build.0 = Release|Any CPU
		{72CE80E5-A22F-428B-A313-5508DEFFF0AC}.Debug|Any CPU.ActiveCfg = Debug|Any CPU
		{72CE80E5-A22F-428B-A313-5508DEFFF0AC}.Debug|Any CPU.Build.0 = Debug|Any CPU
		{72CE80E5-A22F-428B-A313-5508DEFFF0AC}.Release|Any CPU.ActiveCfg = Release|Any CPU
		{72CE80E5-A22F-428B-A313-5508DEFFF0AC}.Release|Any CPU.Build.0 = Release|Any CPU
		{ED17D27C-D48D-4B79-ADE7-913CC6E60D2C}.Debug|Any CPU.ActiveCfg = Debug|Any CPU
		{ED17D27C-D48D-4B79-ADE7-913CC6E60D2C}.Debug|Any CPU.Build.0 = Debug|Any CPU
		{ED17D27C-D48D-4B79-ADE7-913CC6E60D2C}.Release|Any CPU.ActiveCfg = Release|Any CPU
		{ED17D27C-D48D-4B79-ADE7-913CC6E60D2C}.Release|Any CPU.Build.0 = Release|Any CPU
		{C3C490D0-FD20-436A-89F3-4F17281FB0AB}.Debug|Any CPU.ActiveCfg = Debug|Any CPU
		{C3C490D0-FD20-436A-89F3-4F17281FB0AB}.Debug|Any CPU.Build.0 = Debug|Any CPU
		{C3C490D0-FD20-436A-89F3-4F17281FB0AB}.Release|Any CPU.ActiveCfg = Release|Any CPU
		{C3C490D0-FD20-436A-89F3-4F17281FB0AB}.Release|Any CPU.Build.0 = Release|Any CPU
	EndGlobalSection
	GlobalSection(SolutionProperties) = preSolution
		HideSolutionNode = FALSE
	EndGlobalSection
	GlobalSection(NestedProjects) = preSolution
		{01E7CB2A-47E4-4BDC-A57E-6AC394D3575B} = {D808B83D-B66D-4FF5-8FD8-C0AE14F2ADD1}
		{FA9E438A-AB25-41A5-ABAB-3F7790CCDAD4} = {41F3FB49-A48C-4A69-A9FC-1831208F4F0A}
		{48A27601-5748-4651-9F1F-CB2948F03DBD} = {5DD7FBC1-DCE7-4B2F-A89F-CCC64A9AE6A0}
		{72CE80E5-A22F-428B-A313-5508DEFFF0AC} = {5DD7FBC1-DCE7-4B2F-A89F-CCC64A9AE6A0}
		{ED17D27C-D48D-4B79-ADE7-913CC6E60D2C} = {5DD7FBC1-DCE7-4B2F-A89F-CCC64A9AE6A0}
		{C3C490D0-FD20-436A-89F3-4F17281FB0AB} = {5DD7FBC1-DCE7-4B2F-A89F-CCC64A9AE6A0}
	EndGlobalSection
	GlobalSection(ExtensibilityGlobals) = postSolution
		SolutionGuid = {206CBBF5-5CFE-4741-835B-1358A773B0EE}
	EndGlobalSection
EndGlobal
